
Microsoft Visual Studio Solution File, Format Version 12.00
# Visual Studio 2013
Project("{FAE04EC0-301F-11D3-BF4B-00C04F79EFBC}") = "WindowsPathEditor", "WindowsPathEditor\WindowsPathEditor.csproj", "{27BB9DC6-B4E7-4600-98E1-9C855720DF69}"
EndProject
Global
	GlobalSection(SolutionConfigurationPlatforms) = preSolution
		Debug|x86 = Debug|x86
		Release|x86 = Release|x86
	EndGlobalSection
	GlobalSection(ProjectConfigurationPlatforms) = postSolution
		{27BB9DC6-B4E7-4600-98E1-9C855720DF69}.Debug|x86.ActiveCfg = Debug|x86
		{27BB9DC6-B4E7-4600-98E1-9C855720DF69}.Debug|x86.Build.0 = Debug|x86
		{27BB9DC6-B4E7-4600-98E1-9C855720DF69}.Release|x86.ActiveCfg = Release|x86
		{27BB9DC6-B4E7-4600-98E1-9C855720DF69}.Release|x86.Build.0 = Release|x86
	EndGlobalSection
	GlobalSection(SolutionProperties) = preSolution
		HideSolutionNode = FALSE
	EndGlobalSection
EndGlobal
